{
  "name": "ecsy-two",
  "version": "1.0.0",
  "lockfileVersion": 1,
  "requires": true,
  "dependencies": {
    "ecsy": {
      "version": "0.2.3",
      "resolved": "https://registry.npmjs.org/ecsy/-/ecsy-0.2.3.tgz",
      "integrity": "sha512-OAQap3oGQhONBD6IaM0VWXLk8IwEkPu5zUWrW8oSNMfh3jzN4qzZJlDv24QlLgWnK6cYl3hUCn6yOdxRv2Ua3w=="
    },
    "tone": {
      "version": "13.8.25",
      "resolved": "https://registry.npmjs.org/tone/-/tone-13.8.25.tgz",
      "integrity": "sha512-8QqmLn+/R+Urib/78zf93+NqFLddXS777kQO7+EbJHwqy+nmug+SJFRp2KIytT0LQY2sJBiopNb2ceHA8uQQJg=="
    }
  }
}
