{
  "name": "ecsy-two",
  "version": "1.0.0",
  "lockfileVersion": 1,
  "requires": true,
  "dependencies": {
    "ecsy": {
      "version": "0.2.3",
      "resolved": "https://registry.npmjs.org/ecsy/-/ecsy-0.2.3.tgz",
      "integrity": "sha512-OAQap3oGQhONBD6IaM0VWXLk8IwEkPu5zUWrW8oSNMfh3jzN4qzZJlDv24QlLgWnK6cYl3hUCn6yOdxRv2Ua3w=="
    }
  }
}
